{
  "name": "@ng-address/core",
  "version": "0.11.0",
  "lockfileVersion": 3,
  "requires": true,
  "packages": {
    "": {
      "name": "@ng-address/core",
      "version": "0.11.0",
      "license": "MIT",
      "devDependencies": {},
      "engines": {
        "node": ">=20"
      }
    }
  }
}
